
Microsoft Visual Studio Solution File, Format Version 12.00
# Visual Studio Version 16
VisualStudioVersion = 16.0.31515.178
MinimumVisualStudioVersion = 10.0.40219.1
Project("{00D1A9C2-B5F0-4AF3-8072-F6C62B433612}") = "JRAccounts", "Accounts\JRAccounts.sqlproj", "{0D9ADCEC-0D8E-46AE-A36B-99F9F00013E5}"
EndProject
Project("{159641D6-6404-4A2A-AE62-294DE0FE8301}") = "Load_SSIS_JRAccounts", "..\Load_SSIS_JRAccounts\Load_SSIS_JRAccounts.dtproj", "{39406C3C-EBC6-4AA1-A34F-19561F2A917A}"
EndProject
Global
	GlobalSection(SolutionConfigurationPlatforms) = preSolution
		Debug|Any CPU = Debug|Any CPU
		Development|Any CPU = Development|Any CPU
		Release|Any CPU = Release|Any CPU
	EndGlobalSection
	GlobalSection(ProjectConfigurationPlatforms) = postSolution
		{0D9ADCEC-0D8E-46AE-A36B-99F9F00013E5}.Debug|Any CPU.ActiveCfg = Debug|Any CPU
		{0D9ADCEC-0D8E-46AE-A36B-99F9F00013E5}.Debug|Any CPU.Build.0 = Debug|Any CPU
		{0D9ADCEC-0D8E-46AE-A36B-99F9F00013E5}.Debug|Any CPU.Deploy.0 = Debug|Any CPU
		{0D9ADCEC-0D8E-46AE-A36B-99F9F00013E5}.Development|Any CPU.ActiveCfg = Debug|Any CPU
		{0D9ADCEC-0D8E-46AE-A36B-99F9F00013E5}.Development|Any CPU.Build.0 = Debug|Any CPU
		{0D9ADCEC-0D8E-46AE-A36B-99F9F00013E5}.Development|Any CPU.Deploy.0 = Debug|Any CPU
		{0D9ADCEC-0D8E-46AE-A36B-99F9F00013E5}.Release|Any CPU.ActiveCfg = Release|Any CPU
		{0D9ADCEC-0D8E-46AE-A36B-99F9F00013E5}.Release|Any CPU.Build.0 = Release|Any CPU
		{0D9ADCEC-0D8E-46AE-A36B-99F9F00013E5}.Release|Any CPU.Deploy.0 = Release|Any CPU
		{39406C3C-EBC6-4AA1-A34F-19561F2A917A}.Debug|Any CPU.ActiveCfg = Development
		{39406C3C-EBC6-4AA1-A34F-19561F2A917A}.Debug|Any CPU.Build.0 = Development
		{39406C3C-EBC6-4AA1-A34F-19561F2A917A}.Development|Any CPU.ActiveCfg = Development
		{39406C3C-EBC6-4AA1-A34F-19561F2A917A}.Development|Any CPU.Build.0 = Development
		{39406C3C-EBC6-4AA1-A34F-19561F2A917A}.Release|Any CPU.ActiveCfg = Development
		{39406C3C-EBC6-4AA1-A34F-19561F2A917A}.Release|Any CPU.Build.0 = Development
	EndGlobalSection
	GlobalSection(SolutionProperties) = preSolution
		HideSolutionNode = FALSE
	EndGlobalSection
	GlobalSection(ExtensibilityGlobals) = postSolution
		SolutionGuid = {EEAFF6A8-786B-4683-AD37-0C1D41816CFD}
	EndGlobalSection
EndGlobal
